
Microsoft Visual Studio Solution File, Format Version 12.00
# Visual Studio Version 16
VisualStudioVersion = 16.0.29519.87
MinimumVisualStudioVersion = 10.0.40219.1
Project("{9A19103F-16F7-4668-BE54-9A1E7A4F7556}") = "LeadService", "LeadService\LeadService.csproj", "{C43E1281-D45B-4CAE-B34E-EF793D1298C5}"
EndProject
Project("{E53339B2-1760-4266-BCC7-CA923CBCF16C}") = "docker-compose", "docker-compose.dcproj", "{84DCF1B8-51D1-4B13-9201-AC7CE7DFD36E}"
EndProject
Global
	GlobalSection(SolutionConfigurationPlatforms) = preSolution
		Debug|Any CPU = Debug|Any CPU
		Release|Any CPU = Release|Any CPU
	EndGlobalSection
	GlobalSection(ProjectConfigurationPlatforms) = postSolution
		{C43E1281-D45B-4CAE-B34E-EF793D1298C5}.Debug|Any CPU.ActiveCfg = Debug|Any CPU
		{C43E1281-D45B-4CAE-B34E-EF793D1298C5}.Debug|Any CPU.Build.0 = Debug|Any CPU
		{C43E1281-D45B-4CAE-B34E-EF793D1298C5}.Release|Any CPU.ActiveCfg = Release|Any CPU
		{C43E1281-D45B-4CAE-B34E-EF793D1298C5}.Release|Any CPU.Build.0 = Release|Any CPU
		{84DCF1B8-51D1-4B13-9201-AC7CE7DFD36E}.Debug|Any CPU.ActiveCfg = Debug|Any CPU
		{84DCF1B8-51D1-4B13-9201-AC7CE7DFD36E}.Debug|Any CPU.Build.0 = Debug|Any CPU
		{84DCF1B8-51D1-4B13-9201-AC7CE7DFD36E}.Release|Any CPU.ActiveCfg = Release|Any CPU
		{84DCF1B8-51D1-4B13-9201-AC7CE7DFD36E}.Release|Any CPU.Build.0 = Release|Any CPU
	EndGlobalSection
	GlobalSection(SolutionProperties) = preSolution
		HideSolutionNode = FALSE
	EndGlobalSection
	GlobalSection(ExtensibilityGlobals) = postSolution
		SolutionGuid = {60B5B417-CC64-4272-BB51-D97847E75C60}
	EndGlobalSection
EndGlobal
